
Microsoft Visual Studio Solution File, Format Version 12.00
# Visual Studio Version 17
VisualStudioVersion = 17.5.33516.290
MinimumVisualStudioVersion = 10.0.40219.1
Project("{FAE04EC0-301F-11D3-BF4B-00C04F79EFBC}") = "Prakt", "Prakt\Prakt.csproj", "{3044DC16-0926-4AEC-9630-593B28FD2DF9}"
EndProject
Global
	GlobalSection(SolutionConfigurationPlatforms) = preSolution
		Debug|Any CPU = Debug|Any CPU
		Release|Any CPU = Release|Any CPU
	EndGlobalSection
	GlobalSection(ProjectConfigurationPlatforms) = postSolution
		{3044DC16-0926-4AEC-9630-593B28FD2DF9}.Debug|Any CPU.ActiveCfg = Debug|Any CPU
		{3044DC16-0926-4AEC-9630-593B28FD2DF9}.Debug|Any CPU.Build.0 = Debug|Any CPU
		{3044DC16-0926-4AEC-9630-593B28FD2DF9}.Release|Any CPU.ActiveCfg = Release|Any CPU
		{3044DC16-0926-4AEC-9630-593B28FD2DF9}.Release|Any CPU.Build.0 = Release|Any CPU
	EndGlobalSection
	GlobalSection(SolutionProperties) = preSolution
		HideSolutionNode = FALSE
	EndGlobalSection
	GlobalSection(ExtensibilityGlobals) = postSolution
		SolutionGuid = {C9E49E58-6318-41B9-9307-99FD280DE322}
	EndGlobalSection
EndGlobal
